
Microsoft Visual Studio Solution File, Format Version 12.00
# Visual Studio Version 16
VisualStudioVersion = 16.0.29519.87
MinimumVisualStudioVersion = 10.0.40219.1
Project("{FAE04EC0-301F-11D3-BF4B-00C04F79EFBC}") = "Watch-Men", "Watch-Men\Watch-Men.csproj", "{567E183B-0897-4A1E-B716-1105F6D5427E}"
EndProject
Global
	GlobalSection(SolutionConfigurationPlatforms) = preSolution
		Debug|Any CPU = Debug|Any CPU
		Release|Any CPU = Release|Any CPU
	EndGlobalSection
	GlobalSection(ProjectConfigurationPlatforms) = postSolution
		{567E183B-0897-4A1E-B716-1105F6D5427E}.Debug|Any CPU.ActiveCfg = Debug|Any CPU
		{567E183B-0897-4A1E-B716-1105F6D5427E}.Debug|Any CPU.Build.0 = Debug|Any CPU
		{567E183B-0897-4A1E-B716-1105F6D5427E}.Release|Any CPU.ActiveCfg = Release|Any CPU
		{567E183B-0897-4A1E-B716-1105F6D5427E}.Release|Any CPU.Build.0 = Release|Any CPU
	EndGlobalSection
	GlobalSection(SolutionProperties) = preSolution
		HideSolutionNode = FALSE
	EndGlobalSection
	GlobalSection(ExtensibilityGlobals) = postSolution
		SolutionGuid = {F6053A7C-BE42-49B2-81AD-61B33857364E}
	EndGlobalSection
EndGlobal
